<?xml version="1.0" encoding="UTF-8" standalone="yes" ?>
<CodeBlocks_project_file>
	<FileVersion major="1" minor="6" />
	<Project>
		<Option title="raycaster" />
		<Option pch_mode="2" />
		<Option compiler="gcc" />
		<Build>
			<Target title="Debug">
				<Option output="bin/Debug/raycaster" prefix_auto="1" extension_auto="1" />
				<Option object_output="obj/Debug/" />
				<Option type="1" />
				<Option compiler="gcc" />
				<Compiler>
					<Add option="-Wshadow" />
					<Add option="-Winit-self" />
					<Add option="-Wredundant-decls" />
					<Add option="-Wcast-align" />
					<Add option="-Wundef" />
					<Add option="-Winline" />
					<Add option="-Wunreachable-code" />
					<Add option="-Wmissing-include-dirs" />
					<Add option="-Wextra" />
					<Add option="-pg" />
					<Add option="-g" />
				</Compiler>
				<Linker>
					<Add option="-pg" />
				</Linker>
			</Target>
			<Target title="Release">
				<Option output="bin/Release/raycaster" prefix_auto="1" extension_auto="1" />
				<Option object_output="obj/Release/" />
				<Option type="1" />
				<Option compiler="gcc" />
				<Compiler>
					<Add option="-fomit-frame-pointer" />
					<Add option="-O2" />
				</Compiler>
				<Linker>
					<Add option="-s" />
				</Linker>
			</Target>
		</Build>
		<Compiler>
			<Add option="-march=pentium-m" />
			<Add option="-Wall" />
			<Add option="-fexceptions" />
			<Add option="-DNUSE_SSE" />
			<Add directory="../oiio-personal/dist/linux.debug/include" />
		</Compiler>
		<Linker>
			<Add library="OpenImageIO" />
			<Add directory="../oiio-personal/dist/linux.debug/lib" />
		</Linker>
		<Unit filename="BlinnPhongShader.cpp" />
		<Unit filename="BlinnPhongShader.h" />
		<Unit filename="Camera.cpp" />
		<Unit filename="Camera.h" />
		<Unit filename="Colour.cpp" />
		<Unit filename="Colour.h" />
		<Unit filename="Light.cpp" />
		<Unit filename="Light.h" />
		<Unit filename="Plane.cpp" />
		<Unit filename="Plane.h" />
		<Unit filename="PointLight.cpp" />
		<Unit filename="PointLight.h" />
		<Unit filename="Ray.cpp" />
		<Unit filename="Ray.h" />
		<Unit filename="RaytraceShader.cpp" />
		<Unit filename="RaytraceShader.h" />
		<Unit filename="Scene.cpp" />
		<Unit filename="Scene.h" />
		<Unit filename="Shader.cpp" />
		<Unit filename="Shader.h" />
		<Unit filename="Shape.cpp" />
		<Unit filename="Shape.h" />
		<Unit filename="Sphere.cpp">
			<Option weight="0" />
		</Unit>
		<Unit filename="Sphere.h" />
		<Unit filename="main.cpp" />
		<Unit filename="math.h" />
		<Extensions>
			<code_completion />
			<debugger />
			<envvars />
		</Extensions>
	</Project>
</CodeBlocks_project_file>
